
Microsoft Visual Studio Solution File, Format Version 12.00
# Visual Studio Version 17
VisualStudioVersion = 17.5.33530.505
MinimumVisualStudioVersion = 10.0.40219.1
Project("{9A19103F-16F7-4668-BE54-9A1E7A4F7556}") = "FarzamTEWebsite", "FarzamTEWebsite\FarzamTEWebsite.csproj", "{BAB4CAF1-C6AB-486A-963F-8E2AF002BE5E}"
EndProject
Global
	GlobalSection(SolutionConfigurationPlatforms) = preSolution
		Debug|Any CPU = Debug|Any CPU
		Release|Any CPU = Release|Any CPU
	EndGlobalSection
	GlobalSection(ProjectConfigurationPlatforms) = postSolution
		{BAB4CAF1-C6AB-486A-963F-8E2AF002BE5E}.Debug|Any CPU.ActiveCfg = Debug|Any CPU
		{BAB4CAF1-C6AB-486A-963F-8E2AF002BE5E}.Debug|Any CPU.Build.0 = Debug|Any CPU
		{BAB4CAF1-C6AB-486A-963F-8E2AF002BE5E}.Release|Any CPU.ActiveCfg = Release|Any CPU
		{BAB4CAF1-C6AB-486A-963F-8E2AF002BE5E}.Release|Any CPU.Build.0 = Release|Any CPU
	EndGlobalSection
	GlobalSection(SolutionProperties) = preSolution
		HideSolutionNode = FALSE
	EndGlobalSection
	GlobalSection(ExtensibilityGlobals) = postSolution
		SolutionGuid = {A718A56F-694E-407B-A5B5-9D077B435DBB}
	EndGlobalSection
EndGlobal
